
Microsoft Visual Studio Solution File, Format Version 12.00
# Visual Studio 14
VisualStudioVersion = 14.0.25420.1
MinimumVisualStudioVersion = 10.0.40219.1
Project("{FAE04EC0-301F-11D3-BF4B-00C04F79EFBC}") = "GapApi.Tests", "GapApi.Tests\GapApi.Tests.csproj", "{6271D7F1-3841-41D4-B6B0-74AFD35F5334}"
EndProject
Project("{FAE04EC0-301F-11D3-BF4B-00C04F79EFBC}") = "GapApi", "GapApi\GapApi.csproj", "{E8B70081-DCFC-4579-A001-A40CA3692755}"
EndProject
Project("{FAE04EC0-301F-11D3-BF4B-00C04F79EFBC}") = "GapWeb", "GapWeb\GapWeb.csproj", "{D1F0BD3C-1BE3-489B-AC4C-3E73BA9DB9CC}"
EndProject
Global
	GlobalSection(SolutionConfigurationPlatforms) = preSolution
		Debug|Any CPU = Debug|Any CPU
		Release|Any CPU = Release|Any CPU
	EndGlobalSection
	GlobalSection(ProjectConfigurationPlatforms) = postSolution
		{6271D7F1-3841-41D4-B6B0-74AFD35F5334}.Debug|Any CPU.ActiveCfg = Debug|Any CPU
		{6271D7F1-3841-41D4-B6B0-74AFD35F5334}.Debug|Any CPU.Build.0 = Debug|Any CPU
		{6271D7F1-3841-41D4-B6B0-74AFD35F5334}.Release|Any CPU.ActiveCfg = Release|Any CPU
		{6271D7F1-3841-41D4-B6B0-74AFD35F5334}.Release|Any CPU.Build.0 = Release|Any CPU
		{E8B70081-DCFC-4579-A001-A40CA3692755}.Debug|Any CPU.ActiveCfg = Debug|Any CPU
		{E8B70081-DCFC-4579-A001-A40CA3692755}.Debug|Any CPU.Build.0 = Debug|Any CPU
		{E8B70081-DCFC-4579-A001-A40CA3692755}.Release|Any CPU.ActiveCfg = Release|Any CPU
		{E8B70081-DCFC-4579-A001-A40CA3692755}.Release|Any CPU.Build.0 = Release|Any CPU
		{D1F0BD3C-1BE3-489B-AC4C-3E73BA9DB9CC}.Debug|Any CPU.ActiveCfg = Debug|Any CPU
		{D1F0BD3C-1BE3-489B-AC4C-3E73BA9DB9CC}.Debug|Any CPU.Build.0 = Debug|Any CPU
		{D1F0BD3C-1BE3-489B-AC4C-3E73BA9DB9CC}.Release|Any CPU.ActiveCfg = Release|Any CPU
		{D1F0BD3C-1BE3-489B-AC4C-3E73BA9DB9CC}.Release|Any CPU.Build.0 = Release|Any CPU
	EndGlobalSection
	GlobalSection(SolutionProperties) = preSolution
		HideSolutionNode = FALSE
	EndGlobalSection
EndGlobal
